// !$*UTF8*$!
{
	archiveVersion = 1;
	classes = {
	};
	objectVersion = 56;
	objects = {

/* Begin PBXBuildFile section */
		A53B43B52AEA6ECD00118CBE /* Notes Watch App.app in Embed Watch Content */ = {isa = PBXBuildFile; fileRef = A53B43B42AEA6ECD00118CBE /* Notes Watch App.app */; settings = {ATTRIBUTES = (RemoveHeadersOnCopy, ); }; };
		A53B43BA2AEA6ECD00118CBE /* NotesApp.swift in Sources */ = {isa = PBXBuildFile; fileRef = A53B43B92AEA6ECD00118CBE /* NotesApp.swift */; };
		A53B43BC2AEA6ECD00118CBE /* ContentView.swift in Sources */ = {isa = PBXBuildFile; fileRef = A53B43BB2AEA6ECD00118CBE /* ContentView.swift */; };
		A53B43BE2AEA6ECE00118CBE /* Assets.xcassets in Resources */ = {isa = PBXBuildFile; fileRef = A53B43BD2AEA6ECE00118CBE /* Assets.xcassets */; };
		A53B43C12AEA6ECE00118CBE /* Preview Assets.xcassets in Resources */ = {isa = PBXBuildFile; fileRef = A53B43C02AEA6ECE00118CBE /* Preview Assets.xcassets */; };
		A53B43CC2AEAB94D00118CBE /* TextModel.swift in Sources */ = {isa = PBXBuildFile; fileRef = A53B43CB2AEAB94D00118CBE /* TextModel.swift */; };
		A5721F032AED54AC002F1525 /* CreditsView.swift in Sources */ = {isa = PBXBuildFile; fileRef = A5721F022AED54AC002F1525 /* CreditsView.swift */; };
		A5721F052AED54CA002F1525 /* SettingsView.swift in Sources */ = {isa = PBXBuildFile; fileRef = A5721F042AED54CA002F1525 /* SettingsView.swift */; };
		A5721F082AED551E002F1525 /* HeaderView.swift in Sources */ = {isa = PBXBuildFile; fileRef = A5721F072AED551E002F1525 /* HeaderView.swift */; };
		A57794E42AEBB3A0007F395A /* NoteDetailView.swift in Sources */ = {isa = PBXBuildFile; fileRef = A57794E32AEBB3A0007F395A /* NoteDetailView.swift */; };
/* End PBXBuildFile section */

/* Begin PBXContainerItemProxy section */
		A53B43B62AEA6ECD00118CBE /* PBXContainerItemProxy */ = {
			isa = PBXContainerItemProxy;
			containerPortal = A53B43A82AEA6ECC00118CBE /* Project object */;
			proxyType = 1;
			remoteGlobalIDString = A53B43B32AEA6ECD00118CBE;
			remoteInfo = "Notes Watch App";
		};
/* End PBXContainerItemProxy section */

/* Begin PBXCopyFilesBuildPhase section */
		A53B43C72AEA6ECE00118CBE /* Embed Watch Content */ = {
			isa = PBXCopyFilesBuildPhase;
			buildActionMask = 2147483647;
			dstPath = "$(CONTENTS_FOLDER_PATH)/Watch";
			dstSubfolderSpec = 16;
			files = (
				A53B43B52AEA6ECD00118CBE /* Notes Watch App.app in Embed Watch Content */,
			);
			name = "Embed Watch Content";
			runOnlyForDeploymentPostprocessing = 0;
		};
/* End PBXCopyFilesBuildPhase section */

/* Begin PBXFileReference section */
		A53B43AE2AEA6ECD00118CBE /* Notes.app */ = {isa = PBXFileReference; explicitFileType = wrapper.application; includeInIndex = 0; path = Notes.app; sourceTree = BUILT_PRODUCTS_DIR; };
		A53B43B42AEA6ECD00118CBE /* Notes Watch App.app */ = {isa = PBXFileReference; explicitFileType = wrapper.application; includeInIndex = 0; path = "Notes Watch App.app"; sourceTree = BUILT_PRODUCTS_DIR; };
		A53B43B92AEA6ECD00118CBE /* NotesApp.swift */ = {isa = PBXFileReference; lastKnownFileType = sourcecode.swift; path = NotesApp.swift; sourceTree = "<group>"; };
		A53B43BB2AEA6ECD00118CBE /* ContentView.swift */ = {isa = PBXFileReference; lastKnownFileType = sourcecode.swift; path = ContentView.swift; sourceTree = "<group>"; };
		A53B43BD2AEA6ECE00118CBE /* Assets.xcassets */ = {isa = PBXFileReference; lastKnownFileType = folder.assetcatalog; path = Assets.xcassets; sourceTree = "<group>"; };
		A53B43C02AEA6ECE00118CBE /* Preview Assets.xcassets */ = {isa = PBXFileReference; lastKnownFileType = folder.assetcatalog; path = "Preview Assets.xcassets"; sourceTree = "<group>"; };
		A53B43CB2AEAB94D00118CBE /* TextModel.swift */ = {isa = PBXFileReference; lastKnownFileType = sourcecode.swift; path = TextModel.swift; sourceTree = "<group>"; };
		A5721F022AED54AC002F1525 /* CreditsView.swift */ = {isa = PBXFileReference; lastKnownFileType = sourcecode.swift; path = CreditsView.swift; sourceTree = "<group>"; };
		A5721F042AED54CA002F1525 /* SettingsView.swift */ = {isa = PBXFileReference; lastKnownFileType = sourcecode.swift; path = SettingsView.swift; sourceTree = "<group>"; };
		A5721F072AED551E002F1525 /* HeaderView.swift */ = {isa = PBXFileReference; lastKnownFileType = sourcecode.swift; path = HeaderView.swift; sourceTree = "<group>"; };
		A57794E32AEBB3A0007F395A /* NoteDetailView.swift */ = {isa = PBXFileReference; lastKnownFileType = sourcecode.swift; path = NoteDetailView.swift; sourceTree = "<group>"; };
/* End PBXFileReference section */

/* Begin PBXFrameworksBuildPhase section */
		A53B43B12AEA6ECD00118CBE /* Frameworks */ = {
			isa = PBXFrameworksBuildPhase;
			buildActionMask = 2147483647;
			files = (
			);
			runOnlyForDeploymentPostprocessing = 0;
		};
/* End PBXFrameworksBuildPhase section */

/* Begin PBXGroup section */
		A53B43A72AEA6ECC00118CBE = {
			isa = PBXGroup;
			children = (
				A53B43B82AEA6ECD00118CBE /* Notes Watch App */,
				A53B43AF2AEA6ECD00118CBE /* Products */,
			);
			sourceTree = "<group>";
		};
		A53B43AF2AEA6ECD00118CBE /* Products */ = {
			isa = PBXGroup;
			children = (
				A53B43AE2AEA6ECD00118CBE /* Notes.app */,
				A53B43B42AEA6ECD00118CBE /* Notes Watch App.app */,
			);
			name = Products;
			sourceTree = "<group>";
		};
		A53B43B82AEA6ECD00118CBE /* Notes Watch App */ = {
			isa = PBXGroup;
			children = (
				A5721F012AED5408002F1525 /* View */,
				A57794E22AEBAD2B007F395A /* Model */,
				A53B43B92AEA6ECD00118CBE /* NotesApp.swift */,
				A5721F062AED5507002F1525 /* Components */,
				A53B43BD2AEA6ECE00118CBE /* Assets.xcassets */,
				A53B43BF2AEA6ECE00118CBE /* Preview Content */,
			);
			path = "Notes Watch App";
			sourceTree = "<group>";
		};
		A53B43BF2AEA6ECE00118CBE /* Preview Content */ = {
			isa = PBXGroup;
			children = (
				A53B43C02AEA6ECE00118CBE /* Preview Assets.xcassets */,
			);
			path = "Preview Content";
			sourceTree = "<group>";
		};
		A5721F012AED5408002F1525 /* View */ = {
			isa = PBXGroup;
			children = (
				A53B43BB2AEA6ECD00118CBE /* ContentView.swift */,
				A57794E32AEBB3A0007F395A /* NoteDetailView.swift */,
				A5721F022AED54AC002F1525 /* CreditsView.swift */,
				A5721F042AED54CA002F1525 /* SettingsView.swift */,
			);
			path = View;
			sourceTree = "<group>";
		};
		A5721F062AED5507002F1525 /* Components */ = {
			isa = PBXGroup;
			children = (
				A5721F072AED551E002F1525 /* HeaderView.swift */,
			);
			path = Components;
			sourceTree = "<group>";
		};
		A57794E22AEBAD2B007F395A /* Model */ = {
			isa = PBXGroup;
			children = (
				A53B43CB2AEAB94D00118CBE /* TextModel.swift */,
			);
			path = Model;
			sourceTree = "<group>";
		};
/* End PBXGroup section */

/* Begin PBXNativeTarget section */
		A53B43AD2AEA6ECD00118CBE /* Notes */ = {
			isa = PBXNativeTarget;
			buildConfigurationList = A53B43C82AEA6ECE00118CBE /* Build configuration list for PBXNativeTarget "Notes" */;
			buildPhases = (
				A53B43AC2AEA6ECD00118CBE /* Resources */,
				A53B43C72AEA6ECE00118CBE /* Embed Watch Content */,
			);
			buildRules = (
			);
			dependencies = (
				A53B43B72AEA6ECD00118CBE /* PBXTargetDependency */,
			);
			name = Notes;
			productName = Notes;
			productReference = A53B43AE2AEA6ECD00118CBE /* Notes.app */;
			productType = "com.apple.product-type.application.watchapp2-container";
		};
		A53B43B32AEA6ECD00118CBE /* Notes Watch App */ = {
			isa = PBXNativeTarget;
			buildConfigurationList = A53B43C42AEA6ECE00118CBE /* Build configuration list for PBXNativeTarget "Notes Watch App" */;
			buildPhases = (
				A53B43B02AEA6ECD00118CBE /* Sources */,
				A53B43B12AEA6ECD00118CBE /* Frameworks */,
				A53B43B22AEA6ECD00118CBE /* Resources */,
			);
			buildRules = (
			);
			dependencies = (
			);
			name = "Notes Watch App";
			productName = "Notes Watch App";
			productReference = A53B43B42AEA6ECD00118CBE /* Notes Watch App.app */;
			productType = "com.apple.product-type.application";
		};
/* End PBXNativeTarget section */

/* Begin PBXProject section */
		A53B43A82AEA6ECC00118CBE /* Project object */ = {
			isa = PBXProject;
			attributes = {
				BuildIndependentTargetsInParallel = 1;
				LastSwiftUpdateCheck = 1420;
				LastUpgradeCheck = 1420;
				TargetAttributes = {
					A53B43AD2AEA6ECD00118CBE = {
						CreatedOnToolsVersion = 14.2;
					};
					A53B43B32AEA6ECD00118CBE = {
						CreatedOnToolsVersion = 14.2;
					};
				};
			};
			buildConfigurationList = A53B43AB2AEA6ECC00118CBE /* Build configuration list for PBXProject "Notes" */;
			compatibilityVersion = "Xcode 14.0";
			developmentRegion = en;
			hasScannedForEncodings = 0;
			knownRegions = (
				en,
				Base,
			);
			mainGroup = A53B43A72AEA6ECC00118CBE;
			productRefGroup = A53B43AF2AEA6ECD00118CBE /* Products */;
			projectDirPath = "";
			projectRoot = "";
			targets = (
				A53B43AD2AEA6ECD00118CBE /* Notes */,
				A53B43B32AEA6ECD00118CBE /* Notes Watch App */,
			);
		};
/* End PBXProject section */

/* Begin PBXResourcesBuildPhase section */
		A53B43AC2AEA6ECD00118CBE /* Resources */ = {
			isa = PBXResourcesBuildPhase;
			buildActionMask = 2147483647;
			files = (
			);
			runOnlyForDeploymentPostprocessing = 0;
		};
		A53B43B22AEA6ECD00118CBE /* Resources */ = {
			isa = PBXResourcesBuildPhase;
			buildActionMask = 2147483647;
			files = (
				A53B43C12AEA6ECE00118CBE /* Preview Assets.xcassets in Resources */,
				A53B43BE2AEA6ECE00118CBE /* Assets.xcassets in Resources */,
			);
			runOnlyForDeploymentPostprocessing = 0;
		};
/* End PBXResourcesBuildPhase section */

/* Begin PBXSourcesBuildPhase section */
		A53B43B02AEA6ECD00118CBE /* Sources */ = {
			isa = PBXSourcesBuildPhase;
			buildActionMask = 2147483647;
			files = (
				A53B43CC2AEAB94D00118CBE /* TextModel.swift in Sources */,
				A53B43BC2AEA6ECD00118CBE /* ContentView.swift in Sources */,
				A53B43BA2AEA6ECD00118CBE /* NotesApp.swift in Sources */,
				A5721F052AED54CA002F1525 /* SettingsView.swift in Sources */,
				A5721F032AED54AC002F1525 /* CreditsView.swift in Sources */,
				A57794E42AEBB3A0007F395A /* NoteDetailView.swift in Sources */,
				A5721F082AED551E002F1525 /* HeaderView.swift in Sources */,
			);
			runOnlyForDeploymentPostprocessing = 0;
		};
/* End PBXSourcesBuildPhase section */

/* Begin PBXTargetDependency section */
		A53B43B72AEA6ECD00118CBE /* PBXTargetDependency */ = {
			isa = PBXTargetDependency;
			target = A53B43B32AEA6ECD00118CBE /* Notes Watch App */;
			targetProxy = A53B43B62AEA6ECD00118CBE /* PBXContainerItemProxy */;
		};
/* End PBXTargetDependency section */

/* Begin XCBuildConfiguration section */
		A53B43C22AEA6ECE00118CBE /* Debug */ = {
			isa = XCBuildConfiguration;
			buildSettings = {
				ALWAYS_SEARCH_USER_PATHS = NO;
				CLANG_ANALYZER_NONNULL = YES;
				CLANG_ANALYZER_NUMBER_OBJECT_CONVERSION = YES_AGGRESSIVE;
				CLANG_CXX_LANGUAGE_STANDARD = "gnu++20";
				CLANG_ENABLE_MODULES = YES;
				CLANG_ENABLE_OBJC_ARC = YES;
				CLANG_ENABLE_OBJC_WEAK = YES;
				CLANG_WARN_BLOCK_CAPTURE_AUTORELEASING = YES;
				CLANG_WARN_BOOL_CONVERSION = YES;
				CLANG_WARN_COMMA = YES;
				CLANG_WARN_CONSTANT_CONVERSION = YES;
				CLANG_WARN_DEPRECATED_OBJC_IMPLEMENTATIONS = YES;
				CLANG_WARN_DIRECT_OBJC_ISA_USAGE = YES_ERROR;
				CLANG_WARN_DOCUMENTATION_COMMENTS = YES;
				CLANG_WARN_EMPTY_BODY = YES;
				CLANG_WARN_ENUM_CONVERSION = YES;
				CLANG_WARN_INFINITE_RECURSION = YES;
				CLANG_WARN_INT_CONVERSION = YES;
				CLANG_WARN_NON_LITERAL_NULL_CONVERSION = YES;
				CLANG_WARN_OBJC_IMPLICIT_RETAIN_SELF = YES;
				CLANG_WARN_OBJC_LITERAL_CONVERSION = YES;
				CLANG_WARN_OBJC_ROOT_CLASS = YES_ERROR;
				CLANG_WARN_QUOTED_INCLUDE_IN_FRAMEWORK_HEADER = YES;
				CLANG_WARN_RANGE_LOOP_ANALYSIS = YES;
				CLANG_WARN_STRICT_PROTOTYPES = YES;
				CLANG_WARN_SUSPICIOUS_MOVE = YES;
				CLANG_WARN_UNGUARDED_AVAILABILITY = YES_AGGRESSIVE;
				CLANG_WARN_UNREACHABLE_CODE = YES;
				CLANG_WARN__DUPLICATE_METHOD_MATCH = YES;
				COPY_PHASE_STRIP = NO;
				DEBUG_INFORMATION_FORMAT = dwarf;
				ENABLE_STRICT_OBJC_MSGSEND = YES;
				ENABLE_TESTABILITY = YES;
				GCC_C_LANGUAGE_STANDARD = gnu11;
				GCC_DYNAMIC_NO_PIC = NO;
				GCC_NO_COMMON_BLOCKS = YES;
				GCC_OPTIMIZATION_LEVEL = 0;
				GCC_PREPROCESSOR_DEFINITIONS = (
					"DEBUG=1",
					"$(inherited)",
				);
				GCC_WARN_64_TO_32_BIT_CONVERSION = YES;
				GCC_WARN_ABOUT_RETURN_TYPE = YES_ERROR;
				GCC_WARN_UNDECLARED_SELECTOR = YES;
				GCC_WARN_UNINITIALIZED_AUTOS = YES_AGGRESSIVE;
				GCC_WARN_UNUSED_FUNCTION = YES;
				GCC_WARN_UNUSED_VARIABLE = YES;
				MTL_ENABLE_DEBUG_INFO = INCLUDE_SOURCE;
				MTL_FAST_MATH = YES;
				ONLY_ACTIVE_ARCH = YES;
				SWIFT_ACTIVE_COMPILATION_CONDITIONS = DEBUG;
				SWIFT_OPTIMIZATION_LEVEL = "-Onone";
			};
			name = Debug;
		};
		A53B43C32AEA6ECE00118CBE /* Release */ = {
			isa = XCBuildConfiguration;
			buildSettings = {
				ALWAYS_SEARCH_USER_PATHS = NO;
				CLANG_ANALYZER_NONNULL = YES;
				CLANG_ANALYZER_NUMBER_OBJECT_CONVERSION = YES_AGGRESSIVE;
				CLANG_CXX_LANGUAGE_STANDARD = "gnu++20";
				CLANG_ENABLE_MODULES = YES;
				CLANG_ENABLE_OBJC_ARC = YES;
				CLANG_ENABLE_OBJC_WEAK = YES;
				CLANG_WARN_BLOCK_CAPTURE_AUTORELEASING = YES;
				CLANG_WARN_BOOL_CONVERSION = YES;
				CLANG_WARN_COMMA = YES;
				CLANG_WARN_CONSTANT_CONVERSION = YES;
				CLANG_WARN_DEPRECATED_OBJC_IMPLEMENTATIONS = YES;
				CLANG_WARN_DIRECT_OBJC_ISA_USAGE = YES_ERROR;
				CLANG_WARN_DOCUMENTATION_COMMENTS = YES;
				CLANG_WARN_EMPTY_BODY = YES;
				CLANG_WARN_ENUM_CONVERSION = YES;
				CLANG_WARN_INFINITE_RECURSION = YES;
				CLANG_WARN_INT_CONVERSION = YES;
				CLANG_WARN_NON_LITERAL_NULL_CONVERSION = YES;
				CLANG_WARN_OBJC_IMPLICIT_RETAIN_SELF = YES;
				CLANG_WARN_OBJC_LITERAL_CONVERSION = YES;
				CLANG_WARN_OBJC_ROOT_CLASS = YES_ERROR;
				CLANG_WARN_QUOTED_INCLUDE_IN_FRAMEWORK_HEADER = YES;
				CLANG_WARN_RANGE_LOOP_ANALYSIS = YES;
				CLANG_WARN_STRICT_PROTOTYPES = YES;
				CLANG_WARN_SUSPICIOUS_MOVE = YES;
				CLANG_WARN_UNGUARDED_AVAILABILITY = YES_AGGRESSIVE;
				CLANG_WARN_UNREACHABLE_CODE = YES;
				CLANG_WARN__DUPLICATE_METHOD_MATCH = YES;
				COPY_PHASE_STRIP = NO;
				DEBUG_INFORMATION_FORMAT = "dwarf-with-dsym";
				ENABLE_NS_ASSERTIONS = NO;
				ENABLE_STRICT_OBJC_MSGSEND = YES;
				GCC_C_LANGUAGE_STANDARD = gnu11;
				GCC_NO_COMMON_BLOCKS = YES;
				GCC_WARN_64_TO_32_BIT_CONVERSION = YES;
				GCC_WARN_ABOUT_RETURN_TYPE = YES_ERROR;
				GCC_WARN_UNDECLARED_SELECTOR = YES;
				GCC_WARN_UNINITIALIZED_AUTOS = YES_AGGRESSIVE;
				GCC_WARN_UNUSED_FUNCTION = YES;
				GCC_WARN_UNUSED_VARIABLE = YES;
				MTL_ENABLE_DEBUG_INFO = NO;
				MTL_FAST_MATH = YES;
				SWIFT_COMPILATION_MODE = wholemodule;
				SWIFT_OPTIMIZATION_LEVEL = "-O";
			};
			name = Release;
		};
		A53B43C52AEA6ECE00118CBE /* Debug */ = {
			isa = XCBuildConfiguration;
			buildSettings = {
				ASSETCATALOG_COMPILER_APPICON_NAME = AppIcon;
				ASSETCATALOG_COMPILER_GLOBAL_ACCENT_COLOR_NAME = AccentColor;
				CODE_SIGN_STYLE = Automatic;
				CURRENT_PROJECT_VERSION = 1;
				DEVELOPMENT_ASSET_PATHS = "\"Notes Watch App/Preview Content\"";
				ENABLE_PREVIEWS = YES;
				GENERATE_INFOPLIST_FILE = YES;
				INFOPLIST_KEY_CFBundleDisplayName = Notes;
				INFOPLIST_KEY_UISupportedInterfaceOrientations = "UIInterfaceOrientationPortrait UIInterfaceOrientationPortraitUpsideDown";
				INFOPLIST_KEY_WKWatchOnly = YES;
				LD_RUNPATH_SEARCH_PATHS = (
					"$(inherited)",
					"@executable_path/Frameworks",
				);
				MARKETING_VERSION = 1.0;
				PRODUCT_BUNDLE_IDENTIFIER = com.team.xs.Notes.watchkitapp;
				PRODUCT_NAME = "$(TARGET_NAME)";
				SDKROOT = watchos;
				SKIP_INSTALL = YES;
				SWIFT_EMIT_LOC_STRINGS = YES;
				SWIFT_VERSION = 5.0;
				TARGETED_DEVICE_FAMILY = 4;
				WATCHOS_DEPLOYMENT_TARGET = 9.1;
			};
			name = Debug;
		};
		A53B43C62AEA6ECE00118CBE /* Release */ = {
			isa = XCBuildConfiguration;
			buildSettings = {
				ASSETCATALOG_COMPILER_APPICON_NAME = AppIcon;
				ASSETCATALOG_COMPILER_GLOBAL_ACCENT_COLOR_NAME = AccentColor;
				CODE_SIGN_STYLE = Automatic;
				CURRENT_PROJECT_VERSION = 1;
				DEVELOPMENT_ASSET_PATHS = "\"Notes Watch App/Preview Content\"";
				ENABLE_PREVIEWS = YES;
				GENERATE_INFOPLIST_FILE = YES;
				INFOPLIST_KEY_CFBundleDisplayName = Notes;
				INFOPLIST_KEY_UISupportedInterfaceOrientations = "UIInterfaceOrientationPortrait UIInterfaceOrientationPortraitUpsideDown";
				INFOPLIST_KEY_WKWatchOnly = YES;
				LD_RUNPATH_SEARCH_PATHS = (
					"$(inherited)",
					"@executable_path/Frameworks",
				);
				MARKETING_VERSION = 1.0;
				PRODUCT_BUNDLE_IDENTIFIER = com.team.xs.Notes.watchkitapp;
				PRODUCT_NAME = "$(TARGET_NAME)";
				SDKROOT = watchos;
				SKIP_INSTALL = YES;
				SWIFT_EMIT_LOC_STRINGS = YES;
				SWIFT_VERSION = 5.0;
				TARGETED_DEVICE_FAMILY = 4;
				VALIDATE_PRODUCT = YES;
				WATCHOS_DEPLOYMENT_TARGET = 9.1;
			};
			name = Release;
		};
		A53B43C92AEA6ECE00118CBE /* Debug */ = {
			isa = XCBuildConfiguration;
			buildSettings = {
				ALWAYS_EMBED_SWIFT_STANDARD_LIBRARIES = YES;
				CODE_SIGN_STYLE = Automatic;
				CURRENT_PROJECT_VERSION = 1;
				INFOPLIST_KEY_CFBundleDisplayName = Notes;
				MARKETING_VERSION = 1.0;
				PRODUCT_BUNDLE_IDENTIFIER = com.team.xs.Notes;
				PRODUCT_NAME = "$(TARGET_NAME)";
				SDKROOT = iphoneos;
				SWIFT_VERSION = 5.0;
			};
			name = Debug;
		};
		A53B43CA2AEA6ECE00118CBE /* Release */ = {
			isa = XCBuildConfiguration;
			buildSettings = {
				ALWAYS_EMBED_SWIFT_STANDARD_LIBRARIES = YES;
				CODE_SIGN_STYLE = Automatic;
				CURRENT_PROJECT_VERSION = 1;
				INFOPLIST_KEY_CFBundleDisplayName = Notes;
				MARKETING_VERSION = 1.0;
				PRODUCT_BUNDLE_IDENTIFIER = com.team.xs.Notes;
				PRODUCT_NAME = "$(TARGET_NAME)";
				SDKROOT = iphoneos;
				SWIFT_VERSION = 5.0;
				VALIDATE_PRODUCT = YES;
			};
			name = Release;
		};
/* End XCBuildConfiguration section */

/* Begin XCConfigurationList section */
		A53B43AB2AEA6ECC00118CBE /* Build configuration list for PBXProject "Notes" */ = {
			isa = XCConfigurationList;
			buildConfigurations = (
				A53B43C22AEA6ECE00118CBE /* Debug */,
				A53B43C32AEA6ECE00118CBE /* Release */,
			);
			defaultConfigurationIsVisible = 0;
			defaultConfigurationName = Release;
		};
		A53B43C42AEA6ECE00118CBE /* Build configuration list for PBXNativeTarget "Notes Watch App" */ = {
			isa = XCConfigurationList;
			buildConfigurations = (
				A53B43C52AEA6ECE00118CBE /* Debug */,
				A53B43C62AEA6ECE00118CBE /* Release */,
			);
			defaultConfigurationIsVisible = 0;
			defaultConfigurationName = Release;
		};
		A53B43C82AEA6ECE00118CBE /* Build configuration list for PBXNativeTarget "Notes" */ = {
			isa = XCConfigurationList;
			buildConfigurations = (
				A53B43C92AEA6ECE00118CBE /* Debug */,
				A53B43CA2AEA6ECE00118CBE /* Release */,
			);
			defaultConfigurationIsVisible = 0;
			defaultConfigurationName = Release;
		};
/* End XCConfigurationList section */
	};
	rootObject = A53B43A82AEA6ECC00118CBE /* Project object */;
}
